
Microsoft Visual Studio Solution File, Format Version 12.00
# Visual Studio Version 17
VisualStudioVersion = 17.7.34202.233
MinimumVisualStudioVersion = 10.0.40219.1
Project("{2150E333-8FDC-42A3-9474-1A3956D46DE8}") = "src", "src", "{339993F9-FDC7-48D6-B9C4-5FC12C470A55}"
EndProject
Project("{2150E333-8FDC-42A3-9474-1A3956D46DE8}") = "Modules", "Modules", "{258C5D16-BCF7-4089-A7CE-7F2BE7E78B50}"
EndProject
Project("{2150E333-8FDC-42A3-9474-1A3956D46DE8}") = "Events", "Events", "{4AD8C269-A0A3-4F6C-97E7-A45EF63363D9}"
EndProject
Project("{9A19103F-16F7-4668-BE54-9A1E7A4F7556}") = "YourCorporation.Modules.Events.Core", "src\Modules\Events\YourCorporation.Modules.Events.Core\YourCorporation.Modules.Events.Core.csproj", "{4671AD90-12CE-46C6-8664-EC7437794A65}"
EndProject
Project("{9A19103F-16F7-4668-BE54-9A1E7A4F7556}") = "YourCorporation.Modules.Events.Infrastructure", "src\Modules\Events\YourCorporation.Modules.Events.Infrastructure\YourCorporation.Modules.Events.Infrastructure.csproj", "{ABCEA98B-6278-424C-93D2-6C1A43DCF484}"
EndProject
Project("{9A19103F-16F7-4668-BE54-9A1E7A4F7556}") = "YourCorporation.Modules.Events.Application", "src\Modules\Events\YourCorporation.Modules.Events.Application\YourCorporation.Modules.Events.Application.csproj", "{67D9F637-12DC-449E-A68C-AD40C3B46189}"
EndProject
Project("{2150E333-8FDC-42A3-9474-1A3956D46DE8}") = "Bootstrapper", "Bootstrapper", "{17D95440-818F-4BFF-A63D-979DACB3149B}"
EndProject
Project("{9A19103F-16F7-4668-BE54-9A1E7A4F7556}") = "YourCorporation.Bootstrapper", "src\Bootstrapper\YourCorporation.Bootstrapper\YourCorporation.Bootstrapper.csproj", "{F71EFDC4-96F3-4C96-AC72-35D4B2C05233}"
EndProject
Project("{9A19103F-16F7-4668-BE54-9A1E7A4F7556}") = "YourCorporation.Modules.Events.Api", "src\Modules\Events\YourCorporation.Modules.Events.Api\YourCorporation.Modules.Events.Api.csproj", "{E68A98B7-4F72-4B16-8531-E8A577AFF489}"
EndProject
Project("{2150E333-8FDC-42A3-9474-1A3956D46DE8}") = "Shared", "Shared", "{4B0697EC-33FB-4DEF-944E-31B64D9513EA}"
EndProject
Project("{9A19103F-16F7-4668-BE54-9A1E7A4F7556}") = "YourCorporation.Shared.Abstractions", "src\Shared\YourCorporation.Shared.Abstractions\YourCorporation.Shared.Abstractions.csproj", "{17FE9676-1172-4F73-B706-949F4BD5DE26}"
EndProject
Project("{9A19103F-16F7-4668-BE54-9A1E7A4F7556}") = "YourCorporation.Shared.Infrastructure", "src\Shared\YourCorporation.Shared.Infrastructure\YourCorporation.Shared.Infrastructure.csproj", "{0D6BDCD7-7C88-4EEC-A040-881F8535C9B9}"
EndProject
Project("{2150E333-8FDC-42A3-9474-1A3956D46DE8}") = "Forms", "Forms", "{36A04EBA-3B9E-4520-8331-CE66183990F6}"
EndProject
Project("{9A19103F-16F7-4668-BE54-9A1E7A4F7556}") = "YourCorporation.Modules.Forms.Api", "src\Modules\Forms\YourCorporation.Modules.Forms.Api\YourCorporation.Modules.Forms.Api.csproj", "{E64326BE-7027-4981-A248-7F6BA69BF160}"
EndProject
Project("{9A19103F-16F7-4668-BE54-9A1E7A4F7556}") = "YourCorporation.Modules.Events.MessagingContracts", "src\Modules\Events\YourCorporation.Modules.Events.MessagingContracts\YourCorporation.Modules.Events.MessagingContracts.csproj", "{27E7164E-58BE-4314-939A-35462AC775D3}"
EndProject
Project("{2150E333-8FDC-42A3-9474-1A3956D46DE8}") = "Recruitment", "Recruitment", "{44E1C5F5-D2C3-4202-B13A-3CBFE2BA8414}"
EndProject
Project("{9A19103F-16F7-4668-BE54-9A1E7A4F7556}") = "YourCorporation.Modules.Recruitment.Api", "src\Modules\Recruitment\YourCorporation.Modules.Recruitment.Api\YourCorporation.Modules.Recruitment.Api.csproj", "{F6E16B99-9C37-4B82-B14D-3BCC9D0650CB}"
EndProject
Project("{9A19103F-16F7-4668-BE54-9A1E7A4F7556}") = "YourCorporation.Modules.Recruitment.Core", "src\Modules\Recruitment\YourCorporation.Modules.Recruitment.Core\YourCorporation.Modules.Recruitment.Core.csproj", "{5A17E7EE-9A31-4610-882D-3D8F5513F07C}"
EndProject
Project("{2150E333-8FDC-42A3-9474-1A3956D46DE8}") = "JobSystem", "JobSystem", "{647E01F5-8704-436C-94C9-CA76771EE4B2}"
EndProject
Project("{9A19103F-16F7-4668-BE54-9A1E7A4F7556}") = "YourCorporation.Modules.JobSystem.Api", "src\Modules\JobSystem\YourCorporation.Modules.JobSystem.Api\YourCorporation.Modules.JobSystem.Api.csproj", "{12CECD9C-807E-46AA-9B5B-6DE3C67357CB}"
EndProject
Project("{9A19103F-16F7-4668-BE54-9A1E7A4F7556}") = "YourCorporation.Modules.JobSystem.MessagingContracts", "src\Modules\JobSystem\YourCorporation.Modules.JobSystem.MessagingContracts\YourCorporation.Modules.JobSystem.MessagingContracts.csproj", "{505999B0-A5EF-4E3E-A8DE-A51807B6BB38}"
EndProject
Project("{9A19103F-16F7-4668-BE54-9A1E7A4F7556}") = "YourCorporation.Modules.Forms.MessagingContracts", "src\Modules\Forms\YourCorporation.Modules.Forms.MessagingContracts\YourCorporation.Modules.Forms.MessagingContracts.csproj", "{0B81A7D1-32C4-4195-B0D9-BEC1846AB838}"
EndProject
Project("{9A19103F-16F7-4668-BE54-9A1E7A4F7556}") = "YourCorporation.Modules.Recruitment.IntegrationEvents", "src\Modules\Recruitment\YourCorporation.Modules.Recruitment.IntegrationEvents\YourCorporation.Modules.Recruitment.IntegrationEvents.csproj", "{CFC8486D-E530-48A4-B142-3ABE83097B45}"
EndProject
Project("{9A19103F-16F7-4668-BE54-9A1E7A4F7556}") = "YourCorporation.Modules.Recruitment.Application", "src\Modules\Recruitment\YourCorporation.Modules.Recruitment.Application\YourCorporation.Modules.Recruitment.Application.csproj", "{5CD0DE59-82E3-4140-85F0-F421A5C1838E}"
EndProject
Project("{9A19103F-16F7-4668-BE54-9A1E7A4F7556}") = "YourCorporation.Modules.Recruitment.Infrastructure", "src\Modules\Recruitment\YourCorporation.Modules.Recruitment.Infrastructure\YourCorporation.Modules.Recruitment.Infrastructure.csproj", "{B1CF5CF9-41D4-48D9-A38E-6F413787F9E6}"
EndProject
Project("{2150E333-8FDC-42A3-9474-1A3956D46DE8}") = "Users", "Users", "{A61BA08C-85AB-4776-8D02-48A8520A60D5}"
EndProject
Project("{FAE04EC0-301F-11D3-BF4B-00C04F79EFBC}") = "YourCorporation.Modules.Users.Api", "src\Modules\Users\YourCorporation.Modules.Users.Api\YourCorporation.Modules.Users.Api.csproj", "{797F1F5C-E3DF-43E0-9D2B-111C1DB2CB5B}"
EndProject
Global
	GlobalSection(SolutionConfigurationPlatforms) = preSolution
		Debug|Any CPU = Debug|Any CPU
		Release|Any CPU = Release|Any CPU
	EndGlobalSection
	GlobalSection(ProjectConfigurationPlatforms) = postSolution
		{4671AD90-12CE-46C6-8664-EC7437794A65}.Debug|Any CPU.ActiveCfg = Debug|Any CPU
		{4671AD90-12CE-46C6-8664-EC7437794A65}.Debug|Any CPU.Build.0 = Debug|Any CPU
		{4671AD90-12CE-46C6-8664-EC7437794A65}.Release|Any CPU.ActiveCfg = Release|Any CPU
		{4671AD90-12CE-46C6-8664-EC7437794A65}.Release|Any CPU.Build.0 = Release|Any CPU
		{ABCEA98B-6278-424C-93D2-6C1A43DCF484}.Debug|Any CPU.ActiveCfg = Debug|Any CPU
		{ABCEA98B-6278-424C-93D2-6C1A43DCF484}.Debug|Any CPU.Build.0 = Debug|Any CPU
		{ABCEA98B-6278-424C-93D2-6C1A43DCF484}.Release|Any CPU.ActiveCfg = Release|Any CPU
		{ABCEA98B-6278-424C-93D2-6C1A43DCF484}.Release|Any CPU.Build.0 = Release|Any CPU
		{67D9F637-12DC-449E-A68C-AD40C3B46189}.Debug|Any CPU.ActiveCfg = Debug|Any CPU
		{67D9F637-12DC-449E-A68C-AD40C3B46189}.Debug|Any CPU.Build.0 = Debug|Any CPU
		{67D9F637-12DC-449E-A68C-AD40C3B46189}.Release|Any CPU.ActiveCfg = Release|Any CPU
		{67D9F637-12DC-449E-A68C-AD40C3B46189}.Release|Any CPU.Build.0 = Release|Any CPU
		{F71EFDC4-96F3-4C96-AC72-35D4B2C05233}.Debug|Any CPU.ActiveCfg = Debug|Any CPU
		{F71EFDC4-96F3-4C96-AC72-35D4B2C05233}.Debug|Any CPU.Build.0 = Debug|Any CPU
		{F71EFDC4-96F3-4C96-AC72-35D4B2C05233}.Release|Any CPU.ActiveCfg = Release|Any CPU
		{F71EFDC4-96F3-4C96-AC72-35D4B2C05233}.Release|Any CPU.Build.0 = Release|Any CPU
		{E68A98B7-4F72-4B16-8531-E8A577AFF489}.Debug|Any CPU.ActiveCfg = Debug|Any CPU
		{E68A98B7-4F72-4B16-8531-E8A577AFF489}.Debug|Any CPU.Build.0 = Debug|Any CPU
		{E68A98B7-4F72-4B16-8531-E8A577AFF489}.Release|Any CPU.ActiveCfg = Release|Any CPU
		{E68A98B7-4F72-4B16-8531-E8A577AFF489}.Release|Any CPU.Build.0 = Release|Any CPU
		{17FE9676-1172-4F73-B706-949F4BD5DE26}.Debug|Any CPU.ActiveCfg = Debug|Any CPU
		{17FE9676-1172-4F73-B706-949F4BD5DE26}.Debug|Any CPU.Build.0 = Debug|Any CPU
		{17FE9676-1172-4F73-B706-949F4BD5DE26}.Release|Any CPU.ActiveCfg = Release|Any CPU
		{17FE9676-1172-4F73-B706-949F4BD5DE26}.Release|Any CPU.Build.0 = Release|Any CPU
		{0D6BDCD7-7C88-4EEC-A040-881F8535C9B9}.Debug|Any CPU.ActiveCfg = Debug|Any CPU
		{0D6BDCD7-7C88-4EEC-A040-881F8535C9B9}.Debug|Any CPU.Build.0 = Debug|Any CPU
		{0D6BDCD7-7C88-4EEC-A040-881F8535C9B9}.Release|Any CPU.ActiveCfg = Release|Any CPU
		{0D6BDCD7-7C88-4EEC-A040-881F8535C9B9}.Release|Any CPU.Build.0 = Release|Any CPU
		{E64326BE-7027-4981-A248-7F6BA69BF160}.Debug|Any CPU.ActiveCfg = Debug|Any CPU
		{E64326BE-7027-4981-A248-7F6BA69BF160}.Debug|Any CPU.Build.0 = Debug|Any CPU
		{E64326BE-7027-4981-A248-7F6BA69BF160}.Release|Any CPU.ActiveCfg = Release|Any CPU
		{E64326BE-7027-4981-A248-7F6BA69BF160}.Release|Any CPU.Build.0 = Release|Any CPU
		{27E7164E-58BE-4314-939A-35462AC775D3}.Debug|Any CPU.ActiveCfg = Debug|Any CPU
		{27E7164E-58BE-4314-939A-35462AC775D3}.Debug|Any CPU.Build.0 = Debug|Any CPU
		{27E7164E-58BE-4314-939A-35462AC775D3}.Release|Any CPU.ActiveCfg = Release|Any CPU
		{27E7164E-58BE-4314-939A-35462AC775D3}.Release|Any CPU.Build.0 = Release|Any CPU
		{F6E16B99-9C37-4B82-B14D-3BCC9D0650CB}.Debug|Any CPU.ActiveCfg = Debug|Any CPU
		{F6E16B99-9C37-4B82-B14D-3BCC9D0650CB}.Debug|Any CPU.Build.0 = Debug|Any CPU
		{F6E16B99-9C37-4B82-B14D-3BCC9D0650CB}.Release|Any CPU.ActiveCfg = Release|Any CPU
		{F6E16B99-9C37-4B82-B14D-3BCC9D0650CB}.Release|Any CPU.Build.0 = Release|Any CPU
		{5A17E7EE-9A31-4610-882D-3D8F5513F07C}.Debug|Any CPU.ActiveCfg = Debug|Any CPU
		{5A17E7EE-9A31-4610-882D-3D8F5513F07C}.Debug|Any CPU.Build.0 = Debug|Any CPU
		{5A17E7EE-9A31-4610-882D-3D8F5513F07C}.Release|Any CPU.ActiveCfg = Release|Any CPU
		{5A17E7EE-9A31-4610-882D-3D8F5513F07C}.Release|Any CPU.Build.0 = Release|Any CPU
		{12CECD9C-807E-46AA-9B5B-6DE3C67357CB}.Debug|Any CPU.ActiveCfg = Debug|Any CPU
		{12CECD9C-807E-46AA-9B5B-6DE3C67357CB}.Debug|Any CPU.Build.0 = Debug|Any CPU
		{12CECD9C-807E-46AA-9B5B-6DE3C67357CB}.Release|Any CPU.ActiveCfg = Release|Any CPU
		{12CECD9C-807E-46AA-9B5B-6DE3C67357CB}.Release|Any CPU.Build.0 = Release|Any CPU
		{505999B0-A5EF-4E3E-A8DE-A51807B6BB38}.Debug|Any CPU.ActiveCfg = Debug|Any CPU
		{505999B0-A5EF-4E3E-A8DE-A51807B6BB38}.Debug|Any CPU.Build.0 = Debug|Any CPU
		{505999B0-A5EF-4E3E-A8DE-A51807B6BB38}.Release|Any CPU.ActiveCfg = Release|Any CPU
		{505999B0-A5EF-4E3E-A8DE-A51807B6BB38}.Release|Any CPU.Build.0 = Release|Any CPU
		{0B81A7D1-32C4-4195-B0D9-BEC1846AB838}.Debug|Any CPU.ActiveCfg = Debug|Any CPU
		{0B81A7D1-32C4-4195-B0D9-BEC1846AB838}.Debug|Any CPU.Build.0 = Debug|Any CPU
		{0B81A7D1-32C4-4195-B0D9-BEC1846AB838}.Release|Any CPU.ActiveCfg = Release|Any CPU
		{0B81A7D1-32C4-4195-B0D9-BEC1846AB838}.Release|Any CPU.Build.0 = Release|Any CPU
		{CFC8486D-E530-48A4-B142-3ABE83097B45}.Debug|Any CPU.ActiveCfg = Debug|Any CPU
		{CFC8486D-E530-48A4-B142-3ABE83097B45}.Debug|Any CPU.Build.0 = Debug|Any CPU
		{CFC8486D-E530-48A4-B142-3ABE83097B45}.Release|Any CPU.ActiveCfg = Release|Any CPU
		{CFC8486D-E530-48A4-B142-3ABE83097B45}.Release|Any CPU.Build.0 = Release|Any CPU
		{5CD0DE59-82E3-4140-85F0-F421A5C1838E}.Debug|Any CPU.ActiveCfg = Debug|Any CPU
		{5CD0DE59-82E3-4140-85F0-F421A5C1838E}.Debug|Any CPU.Build.0 = Debug|Any CPU
		{5CD0DE59-82E3-4140-85F0-F421A5C1838E}.Release|Any CPU.ActiveCfg = Release|Any CPU
		{5CD0DE59-82E3-4140-85F0-F421A5C1838E}.Release|Any CPU.Build.0 = Release|Any CPU
		{B1CF5CF9-41D4-48D9-A38E-6F413787F9E6}.Debug|Any CPU.ActiveCfg = Debug|Any CPU
		{B1CF5CF9-41D4-48D9-A38E-6F413787F9E6}.Debug|Any CPU.Build.0 = Debug|Any CPU
		{B1CF5CF9-41D4-48D9-A38E-6F413787F9E6}.Release|Any CPU.ActiveCfg = Release|Any CPU
		{B1CF5CF9-41D4-48D9-A38E-6F413787F9E6}.Release|Any CPU.Build.0 = Release|Any CPU
		{797F1F5C-E3DF-43E0-9D2B-111C1DB2CB5B}.Debug|Any CPU.ActiveCfg = Debug|Any CPU
		{797F1F5C-E3DF-43E0-9D2B-111C1DB2CB5B}.Debug|Any CPU.Build.0 = Debug|Any CPU
		{797F1F5C-E3DF-43E0-9D2B-111C1DB2CB5B}.Release|Any CPU.ActiveCfg = Release|Any CPU
		{797F1F5C-E3DF-43E0-9D2B-111C1DB2CB5B}.Release|Any CPU.Build.0 = Release|Any CPU
	EndGlobalSection
	GlobalSection(SolutionProperties) = preSolution
		HideSolutionNode = FALSE
	EndGlobalSection
	GlobalSection(NestedProjects) = preSolution
		{258C5D16-BCF7-4089-A7CE-7F2BE7E78B50} = {339993F9-FDC7-48D6-B9C4-5FC12C470A55}
		{4AD8C269-A0A3-4F6C-97E7-A45EF63363D9} = {258C5D16-BCF7-4089-A7CE-7F2BE7E78B50}
		{4671AD90-12CE-46C6-8664-EC7437794A65} = {4AD8C269-A0A3-4F6C-97E7-A45EF63363D9}
		{ABCEA98B-6278-424C-93D2-6C1A43DCF484} = {4AD8C269-A0A3-4F6C-97E7-A45EF63363D9}
		{67D9F637-12DC-449E-A68C-AD40C3B46189} = {4AD8C269-A0A3-4F6C-97E7-A45EF63363D9}
		{17D95440-818F-4BFF-A63D-979DACB3149B} = {339993F9-FDC7-48D6-B9C4-5FC12C470A55}
		{F71EFDC4-96F3-4C96-AC72-35D4B2C05233} = {17D95440-818F-4BFF-A63D-979DACB3149B}
		{E68A98B7-4F72-4B16-8531-E8A577AFF489} = {4AD8C269-A0A3-4F6C-97E7-A45EF63363D9}
		{4B0697EC-33FB-4DEF-944E-31B64D9513EA} = {339993F9-FDC7-48D6-B9C4-5FC12C470A55}
		{17FE9676-1172-4F73-B706-949F4BD5DE26} = {4B0697EC-33FB-4DEF-944E-31B64D9513EA}
		{0D6BDCD7-7C88-4EEC-A040-881F8535C9B9} = {4B0697EC-33FB-4DEF-944E-31B64D9513EA}
		{36A04EBA-3B9E-4520-8331-CE66183990F6} = {258C5D16-BCF7-4089-A7CE-7F2BE7E78B50}
		{E64326BE-7027-4981-A248-7F6BA69BF160} = {36A04EBA-3B9E-4520-8331-CE66183990F6}
		{27E7164E-58BE-4314-939A-35462AC775D3} = {4AD8C269-A0A3-4F6C-97E7-A45EF63363D9}
		{44E1C5F5-D2C3-4202-B13A-3CBFE2BA8414} = {258C5D16-BCF7-4089-A7CE-7F2BE7E78B50}
		{F6E16B99-9C37-4B82-B14D-3BCC9D0650CB} = {44E1C5F5-D2C3-4202-B13A-3CBFE2BA8414}
		{5A17E7EE-9A31-4610-882D-3D8F5513F07C} = {44E1C5F5-D2C3-4202-B13A-3CBFE2BA8414}
		{647E01F5-8704-436C-94C9-CA76771EE4B2} = {258C5D16-BCF7-4089-A7CE-7F2BE7E78B50}
		{12CECD9C-807E-46AA-9B5B-6DE3C67357CB} = {647E01F5-8704-436C-94C9-CA76771EE4B2}
		{505999B0-A5EF-4E3E-A8DE-A51807B6BB38} = {647E01F5-8704-436C-94C9-CA76771EE4B2}
		{0B81A7D1-32C4-4195-B0D9-BEC1846AB838} = {36A04EBA-3B9E-4520-8331-CE66183990F6}
		{CFC8486D-E530-48A4-B142-3ABE83097B45} = {44E1C5F5-D2C3-4202-B13A-3CBFE2BA8414}
		{5CD0DE59-82E3-4140-85F0-F421A5C1838E} = {44E1C5F5-D2C3-4202-B13A-3CBFE2BA8414}
		{B1CF5CF9-41D4-48D9-A38E-6F413787F9E6} = {44E1C5F5-D2C3-4202-B13A-3CBFE2BA8414}
		{A61BA08C-85AB-4776-8D02-48A8520A60D5} = {258C5D16-BCF7-4089-A7CE-7F2BE7E78B50}
		{797F1F5C-E3DF-43E0-9D2B-111C1DB2CB5B} = {A61BA08C-85AB-4776-8D02-48A8520A60D5}
	EndGlobalSection
	GlobalSection(ExtensibilityGlobals) = postSolution
		SolutionGuid = {7D4E6BA5-781B-4537-8FDA-261AE78178A3}
	EndGlobalSection
EndGlobal
